
Microsoft Visual Studio Solution File, Format Version 12.00
# Visual Studio Version 16
VisualStudioVersion = 16.0.29728.190
MinimumVisualStudioVersion = 10.0.40219.1
Project("{FAE04EC0-301F-11D3-BF4B-00C04F79EFBC}") = "Interclub2", "Interclub2.csproj", "{B7D61E62-9204-4A05-A208-1C9C8404E2EF}"
EndProject
Global
	GlobalSection(SolutionConfigurationPlatforms) = preSolution
		Debug|Any CPU = Debug|Any CPU
		Release|Any CPU = Release|Any CPU
	EndGlobalSection
	GlobalSection(ProjectConfigurationPlatforms) = postSolution
		{B7D61E62-9204-4A05-A208-1C9C8404E2EF}.Debug|Any CPU.ActiveCfg = Debug|Any CPU
		{B7D61E62-9204-4A05-A208-1C9C8404E2EF}.Debug|Any CPU.Build.0 = Debug|Any CPU
		{B7D61E62-9204-4A05-A208-1C9C8404E2EF}.Release|Any CPU.ActiveCfg = Release|Any CPU
		{B7D61E62-9204-4A05-A208-1C9C8404E2EF}.Release|Any CPU.Build.0 = Release|Any CPU
	EndGlobalSection
	GlobalSection(SolutionProperties) = preSolution
		HideSolutionNode = FALSE
	EndGlobalSection
	GlobalSection(ExtensibilityGlobals) = postSolution
		SolutionGuid = {74831D65-DCE6-4264-BAB8-C0183B0ECEF3}
	EndGlobalSection
EndGlobal
